
Microsoft Visual Studio Solution File, Format Version 12.00
# Visual Studio 15
VisualStudioVersion = 15.0.27428.2005
MinimumVisualStudioVersion = 10.0.40219.1
Project("{FAE04EC0-301F-11D3-BF4B-00C04F79EFBC}") = "Bao_Mat_CSDL", "Bao_Mat_CSDL\Bao_Mat_CSDL.csproj", "{AE134F5F-4354-4CCA-9E08-CE18AF7E79B9}"
EndProject
Project("{FAE04EC0-301F-11D3-BF4B-00C04F79EFBC}") = "BLL", "BLL\BLL.csproj", "{83D64A56-39FF-4C72-8A85-6A07FFA1749E}"
EndProject
Project("{FAE04EC0-301F-11D3-BF4B-00C04F79EFBC}") = "DAL", "DAL\DAL.csproj", "{715EC445-41B0-4966-8D8F-304A26DA8408}"
EndProject
Global
	GlobalSection(SolutionConfigurationPlatforms) = preSolution
		Debug|Any CPU = Debug|Any CPU
		Release|Any CPU = Release|Any CPU
	EndGlobalSection
	GlobalSection(ProjectConfigurationPlatforms) = postSolution
		{AE134F5F-4354-4CCA-9E08-CE18AF7E79B9}.Debug|Any CPU.ActiveCfg = Debug|Any CPU
		{AE134F5F-4354-4CCA-9E08-CE18AF7E79B9}.Debug|Any CPU.Build.0 = Debug|Any CPU
		{AE134F5F-4354-4CCA-9E08-CE18AF7E79B9}.Release|Any CPU.ActiveCfg = Release|Any CPU
		{AE134F5F-4354-4CCA-9E08-CE18AF7E79B9}.Release|Any CPU.Build.0 = Release|Any CPU
		{83D64A56-39FF-4C72-8A85-6A07FFA1749E}.Debug|Any CPU.ActiveCfg = Debug|Any CPU
		{83D64A56-39FF-4C72-8A85-6A07FFA1749E}.Debug|Any CPU.Build.0 = Debug|Any CPU
		{83D64A56-39FF-4C72-8A85-6A07FFA1749E}.Release|Any CPU.ActiveCfg = Release|Any CPU
		{83D64A56-39FF-4C72-8A85-6A07FFA1749E}.Release|Any CPU.Build.0 = Release|Any CPU
		{715EC445-41B0-4966-8D8F-304A26DA8408}.Debug|Any CPU.ActiveCfg = Debug|Any CPU
		{715EC445-41B0-4966-8D8F-304A26DA8408}.Debug|Any CPU.Build.0 = Debug|Any CPU
		{715EC445-41B0-4966-8D8F-304A26DA8408}.Release|Any CPU.ActiveCfg = Release|Any CPU
		{715EC445-41B0-4966-8D8F-304A26DA8408}.Release|Any CPU.Build.0 = Release|Any CPU
	EndGlobalSection
	GlobalSection(SolutionProperties) = preSolution
		HideSolutionNode = FALSE
	EndGlobalSection
	GlobalSection(ExtensibilityGlobals) = postSolution
		SolutionGuid = {DF17D1A5-4ACD-411A-BB9D-AFD014EC3991}
	EndGlobalSection
EndGlobal
